{
  "name": "stripefx",
  "version": "0.0.1",
  "lockfileVersion": 1,
  "requires": true,
  "dependencies": {
    "nan": {
      "version": "2.8.0",
      "resolved": "https://registry.npmjs.org/nan/-/nan-2.8.0.tgz",
      "integrity": "sha1-7XFfP+neArV6XmJS2QqWZ14fCFo="
    },
    "node-opc-server": {
      "version": "1.0.4",
      "resolved": "https://registry.npmjs.org/node-opc-server/-/node-opc-server-1.0.4.tgz",
      "integrity": "sha1-gAzrdO98EqYubgXS06nHa628UnM="
    },
    "rpi-ws281x-native": {
      "version": "0.8.2",
      "resolved": "https://registry.npmjs.org/rpi-ws281x-native/-/rpi-ws281x-native-0.8.2.tgz",
      "integrity": "sha1-WMwyvX/5/Gh2PmRSuhjh0L5qs7I=",
      "requires": {
        "nan": "2.8.0"
      }
    }
  }
}
