{
  "name": "stripefx",
  "version": "0.0.1",
  "lockfileVersion": 1,
  "requires": true,
  "dependencies": {
    "ansi": {
      "version": "0.3.1",
      "resolved": "https://registry.npmjs.org/ansi/-/ansi-0.3.1.tgz",
      "integrity": "sha1-DELU+xcWDVqa8eSEus4cZpIsGyE="
    },
    "axel": {
      "version": "0.0.3",
      "resolved": "https://registry.npmjs.org/axel/-/axel-0.0.3.tgz",
      "integrity": "sha1-dMj3XTfYKvZl6AMKE9OjbNoAEhU=",
      "requires": {
        "ansi": "0.3.1"
      }
    },
    "detect-rpi": {
      "version": "1.2.0",
      "resolved": "https://registry.npmjs.org/detect-rpi/-/detect-rpi-1.2.0.tgz",
      "integrity": "sha512-TZ/c0cJYSrcArJtNaKhqODeF6EhFvkhNvsVBXfnjCh3ZUhG7WVTDN/04l5EnghTEjq1sXauZLLAsJd8lmEHstA=="
    },
    "nan": {
      "version": "2.8.0",
      "resolved": "https://registry.npmjs.org/nan/-/nan-2.8.0.tgz",
      "integrity": "sha1-7XFfP+neArV6XmJS2QqWZ14fCFo="
    },
    "node-cleanup": {
      "version": "2.1.2",
      "resolved": "https://registry.npmjs.org/node-cleanup/-/node-cleanup-2.1.2.tgz",
      "integrity": "sha1-esGavSl+Caf3KnFUXZUbUX5N3iw="
    },
    "node-opc-server": {
      "version": "1.0.4",
      "resolved": "https://registry.npmjs.org/node-opc-server/-/node-opc-server-1.0.4.tgz",
      "integrity": "sha1-gAzrdO98EqYubgXS06nHa628UnM="
    },
    "rpi-ws281x-native": {
      "version": "0.8.2",
      "resolved": "https://registry.npmjs.org/rpi-ws281x-native/-/rpi-ws281x-native-0.8.2.tgz",
      "integrity": "sha1-WMwyvX/5/Gh2PmRSuhjh0L5qs7I=",
      "requires": {
        "nan": "2.8.0"
      }
    }
  }
}
